
Microsoft Visual Studio Solution File, Format Version 12.00
# Visual Studio 15
VisualStudioVersion = 15.0.28307.271
MinimumVisualStudioVersion = 10.0.40219.1
Project("{FAE04EC0-301F-11D3-BF4B-00C04F79EFBC}") = "GitHubTest", "GitHubTest\GitHubTest.csproj", "{45256A0B-6704-42F4-9041-00D21DC4610E}"
EndProject
Global
	GlobalSection(SolutionConfigurationPlatforms) = preSolution
		Debug|Any CPU = Debug|Any CPU
		Release|Any CPU = Release|Any CPU
	EndGlobalSection
	GlobalSection(ProjectConfigurationPlatforms) = postSolution
		{45256A0B-6704-42F4-9041-00D21DC4610E}.Debug|Any CPU.ActiveCfg = Debug|Any CPU
		{45256A0B-6704-42F4-9041-00D21DC4610E}.Debug|Any CPU.Build.0 = Debug|Any CPU
		{45256A0B-6704-42F4-9041-00D21DC4610E}.Release|Any CPU.ActiveCfg = Release|Any CPU
		{45256A0B-6704-42F4-9041-00D21DC4610E}.Release|Any CPU.Build.0 = Release|Any CPU
	EndGlobalSection
	GlobalSection(SolutionProperties) = preSolution
		HideSolutionNode = FALSE
	EndGlobalSection
	GlobalSection(ExtensibilityGlobals) = postSolution
		SolutionGuid = {6CBFE8BA-601E-4B36-A5CB-2C23DEB1AF04}
	EndGlobalSection
EndGlobal
